
Microsoft Visual Studio Solution File, Format Version 12.00
# Visual Studio Version 17
VisualStudioVersion = 17.0.31903.59
MinimumVisualStudioVersion = 10.0.40219.1
Project("{2150E333-8FDC-42A3-9474-1A3956D46DE8}") = "src", "src", "{3BB7D90A-66B7-46E6-A75A-B58B8BF670FD}"
EndProject
Project("{FAE04EC0-301F-11D3-BF4B-00C04F79EFBC}") = "SampleMarket", "src\SampleMarket\SampleMarket.csproj", "{CFD4D38F-B371-440A-938A-3D394626CE40}"
EndProject
Project("{FAE04EC0-301F-11D3-BF4B-00C04F79EFBC}") = "DesignA.PricingInsideInstrument", "src\DesignA.PricingInsideInstrument\DesignA.PricingInsideInstrument.csproj", "{25FB441B-9087-4EDC-8A88-6AD87EA2DB58}"
EndProject
Project("{FAE04EC0-301F-11D3-BF4B-00C04F79EFBC}") = "DesignB.PricingViaStrategy", "src\DesignB.PricingViaStrategy\DesignB.PricingViaStrategy.csproj", "{07FDBFB2-C120-47B4-8B25-6BE46B414018}"
EndProject
Project("{2150E333-8FDC-42A3-9474-1A3956D46DE8}") = "tests", "tests", "{4012A035-33B3-42D8-9EFD-3013C8DB049B}"
EndProject
Project("{FAE04EC0-301F-11D3-BF4B-00C04F79EFBC}") = "Tests", "tests\Tests\Tests.csproj", "{82B3F8AB-F5A6-4C97-B5EA-334726EE7607}"
EndProject
Global
	GlobalSection(SolutionConfigurationPlatforms) = preSolution
		Debug|Any CPU = Debug|Any CPU
		Release|Any CPU = Release|Any CPU
	EndGlobalSection
	GlobalSection(SolutionProperties) = preSolution
		HideSolutionNode = FALSE
	EndGlobalSection
	GlobalSection(ProjectConfigurationPlatforms) = postSolution
		{CFD4D38F-B371-440A-938A-3D394626CE40}.Debug|Any CPU.ActiveCfg = Debug|Any CPU
		{CFD4D38F-B371-440A-938A-3D394626CE40}.Debug|Any CPU.Build.0 = Debug|Any CPU
		{CFD4D38F-B371-440A-938A-3D394626CE40}.Release|Any CPU.ActiveCfg = Release|Any CPU
		{CFD4D38F-B371-440A-938A-3D394626CE40}.Release|Any CPU.Build.0 = Release|Any CPU
		{25FB441B-9087-4EDC-8A88-6AD87EA2DB58}.Debug|Any CPU.ActiveCfg = Debug|Any CPU
		{25FB441B-9087-4EDC-8A88-6AD87EA2DB58}.Debug|Any CPU.Build.0 = Debug|Any CPU
		{25FB441B-9087-4EDC-8A88-6AD87EA2DB58}.Release|Any CPU.ActiveCfg = Release|Any CPU
		{25FB441B-9087-4EDC-8A88-6AD87EA2DB58}.Release|Any CPU.Build.0 = Release|Any CPU
		{07FDBFB2-C120-47B4-8B25-6BE46B414018}.Debug|Any CPU.ActiveCfg = Debug|Any CPU
		{07FDBFB2-C120-47B4-8B25-6BE46B414018}.Debug|Any CPU.Build.0 = Debug|Any CPU
		{07FDBFB2-C120-47B4-8B25-6BE46B414018}.Release|Any CPU.ActiveCfg = Release|Any CPU
		{07FDBFB2-C120-47B4-8B25-6BE46B414018}.Release|Any CPU.Build.0 = Release|Any CPU
		{82B3F8AB-F5A6-4C97-B5EA-334726EE7607}.Debug|Any CPU.ActiveCfg = Debug|Any CPU
		{82B3F8AB-F5A6-4C97-B5EA-334726EE7607}.Debug|Any CPU.Build.0 = Debug|Any CPU
		{82B3F8AB-F5A6-4C97-B5EA-334726EE7607}.Release|Any CPU.ActiveCfg = Release|Any CPU
		{82B3F8AB-F5A6-4C97-B5EA-334726EE7607}.Release|Any CPU.Build.0 = Release|Any CPU
	EndGlobalSection
	GlobalSection(NestedProjects) = preSolution
		{CFD4D38F-B371-440A-938A-3D394626CE40} = {3BB7D90A-66B7-46E6-A75A-B58B8BF670FD}
		{25FB441B-9087-4EDC-8A88-6AD87EA2DB58} = {3BB7D90A-66B7-46E6-A75A-B58B8BF670FD}
		{07FDBFB2-C120-47B4-8B25-6BE46B414018} = {3BB7D90A-66B7-46E6-A75A-B58B8BF670FD}
		{82B3F8AB-F5A6-4C97-B5EA-334726EE7607} = {4012A035-33B3-42D8-9EFD-3013C8DB049B}
	EndGlobalSection
EndGlobal
